
Microsoft Visual Studio Solution File, Format Version 12.00
# Visual Studio Version 16
VisualStudioVersion = 16.0.29613.14
MinimumVisualStudioVersion = 10.0.40219.1
Project("{FAE04EC0-301F-11D3-BF4B-00C04F79EFBC}") = "engine.Common", "engine.Common\engine.Common.csproj", "{A181B9F7-0422-4805-915E-573E13D07312}"
EndProject
Project("{FAE04EC0-301F-11D3-BF4B-00C04F79EFBC}") = "engine.Common.Tests", "engine.Common.Tests\engine.Common.Tests.csproj", "{A79C8012-265C-400C-A95B-4AD8125E4204}"
EndProject
Project("{FAE04EC0-301F-11D3-BF4B-00C04F79EFBC}") = "engine.Winforms", "engine.Winforms\engine.Winforms.csproj", "{C031D3FA-2EC9-423A-A04D-3B176C141577}"
EndProject
Project("{2150E333-8FDC-42A3-9474-1A3956D46DE8}") = "samples", "samples", "{F910D1E8-CA65-4AC1-A3EF-BB79DF00DB00}"
EndProject
Project("{2150E333-8FDC-42A3-9474-1A3956D46DE8}") = "winforms", "winforms", "{2A6BA02C-4532-4C05-98AE-E483E5E80AF3}"
EndProject
Project("{FAE04EC0-301F-11D3-BF4B-00C04F79EFBC}") = "Catan", "Samples\Winforms\Catan\Catan.csproj", "{11988C96-B6BC-41AD-B400-144F70CC2509}"
EndProject
Project("{FAE04EC0-301F-11D3-BF4B-00C04F79EFBC}") = "Checkers", "Samples\Winforms\Checkers\Checkers.csproj", "{0FBA8E72-9C8B-458C-B9D5-426026DDEDC3}"
EndProject
Project("{FAE04EC0-301F-11D3-BF4B-00C04F79EFBC}") = "ControlSamples", "Samples\Winforms\ControlSamples\ControlSamples.csproj", "{10822F01-C219-443C-BB84-BD375C39DE23}"
EndProject
Project("{FAE04EC0-301F-11D3-BF4B-00C04F79EFBC}") = "Platformer2D", "Samples\Winforms\Platformer2D\Platformer2D.csproj", "{AC1115F5-91BD-49D9-AE88-CE3708B51A2C}"
EndProject
Project("{FAE04EC0-301F-11D3-BF4B-00C04F79EFBC}") = "TopDownPlatformer", "Samples\Winforms\TopDownPlatformer\TopDownPlatformer.csproj", "{0F250448-FF6C-4FEE-B803-30654132C0BB}"
EndProject
Project("{FAE04EC0-301F-11D3-BF4B-00C04F79EFBC}") = "Flyover3D", "Samples\Winforms\Flyover3D\Flyover3D.csproj", "{1512DC47-5F15-4FFF-A7CC-C2930F3B57EE}"
EndProject
Project("{9A19103F-16F7-4668-BE54-9A1E7A4F7556}") = "engine.ConvertObj", "engine.ConvertObj\engine.ConvertObj.csproj", "{EF5C698A-0AE2-4EC1-A063-8624E607A6DD}"
EndProject
Project("{FAE04EC0-301F-11D3-BF4B-00C04F79EFBC}") = "engine.XPlatform", "engine.XPlatform\engine.XPlatform.csproj", "{C3806F39-54B4-4362-ABC3-CDC969F425CD}"
EndProject
Project("{FAE04EC0-301F-11D3-BF4B-00C04F79EFBC}") = "engine.Blazor", "engine.Blazor\engine.Blazor.csproj", "{99135D03-0415-46BA-AD56-306B5C8C5B05}"
EndProject
Global
	GlobalSection(SolutionConfigurationPlatforms) = preSolution
		Debug|Any CPU = Debug|Any CPU
		Release|Any CPU = Release|Any CPU
	EndGlobalSection
	GlobalSection(ProjectConfigurationPlatforms) = postSolution
		{A181B9F7-0422-4805-915E-573E13D07312}.Debug|Any CPU.ActiveCfg = Debug|Any CPU
		{A181B9F7-0422-4805-915E-573E13D07312}.Debug|Any CPU.Build.0 = Debug|Any CPU
		{A181B9F7-0422-4805-915E-573E13D07312}.Release|Any CPU.ActiveCfg = Release|Any CPU
		{A181B9F7-0422-4805-915E-573E13D07312}.Release|Any CPU.Build.0 = Release|Any CPU
		{A79C8012-265C-400C-A95B-4AD8125E4204}.Debug|Any CPU.ActiveCfg = Debug|Any CPU
		{A79C8012-265C-400C-A95B-4AD8125E4204}.Debug|Any CPU.Build.0 = Debug|Any CPU
		{A79C8012-265C-400C-A95B-4AD8125E4204}.Release|Any CPU.ActiveCfg = Release|Any CPU
		{A79C8012-265C-400C-A95B-4AD8125E4204}.Release|Any CPU.Build.0 = Release|Any CPU
		{C031D3FA-2EC9-423A-A04D-3B176C141577}.Debug|Any CPU.ActiveCfg = Debug|Any CPU
		{C031D3FA-2EC9-423A-A04D-3B176C141577}.Debug|Any CPU.Build.0 = Debug|Any CPU
		{C031D3FA-2EC9-423A-A04D-3B176C141577}.Release|Any CPU.ActiveCfg = Release|Any CPU
		{C031D3FA-2EC9-423A-A04D-3B176C141577}.Release|Any CPU.Build.0 = Release|Any CPU
		{11988C96-B6BC-41AD-B400-144F70CC2509}.Debug|Any CPU.ActiveCfg = Debug|Any CPU
		{11988C96-B6BC-41AD-B400-144F70CC2509}.Debug|Any CPU.Build.0 = Debug|Any CPU
		{11988C96-B6BC-41AD-B400-144F70CC2509}.Release|Any CPU.ActiveCfg = Release|Any CPU
		{11988C96-B6BC-41AD-B400-144F70CC2509}.Release|Any CPU.Build.0 = Release|Any CPU
		{0FBA8E72-9C8B-458C-B9D5-426026DDEDC3}.Debug|Any CPU.ActiveCfg = Debug|Any CPU
		{0FBA8E72-9C8B-458C-B9D5-426026DDEDC3}.Debug|Any CPU.Build.0 = Debug|Any CPU
		{0FBA8E72-9C8B-458C-B9D5-426026DDEDC3}.Release|Any CPU.ActiveCfg = Release|Any CPU
		{0FBA8E72-9C8B-458C-B9D5-426026DDEDC3}.Release|Any CPU.Build.0 = Release|Any CPU
		{10822F01-C219-443C-BB84-BD375C39DE23}.Debug|Any CPU.ActiveCfg = Debug|Any CPU
		{10822F01-C219-443C-BB84-BD375C39DE23}.Debug|Any CPU.Build.0 = Debug|Any CPU
		{10822F01-C219-443C-BB84-BD375C39DE23}.Release|Any CPU.ActiveCfg = Release|Any CPU
		{10822F01-C219-443C-BB84-BD375C39DE23}.Release|Any CPU.Build.0 = Release|Any CPU
		{AC1115F5-91BD-49D9-AE88-CE3708B51A2C}.Debug|Any CPU.ActiveCfg = Debug|Any CPU
		{AC1115F5-91BD-49D9-AE88-CE3708B51A2C}.Debug|Any CPU.Build.0 = Debug|Any CPU
		{AC1115F5-91BD-49D9-AE88-CE3708B51A2C}.Release|Any CPU.ActiveCfg = Release|Any CPU
		{AC1115F5-91BD-49D9-AE88-CE3708B51A2C}.Release|Any CPU.Build.0 = Release|Any CPU
		{0F250448-FF6C-4FEE-B803-30654132C0BB}.Debug|Any CPU.ActiveCfg = Debug|Any CPU
		{0F250448-FF6C-4FEE-B803-30654132C0BB}.Debug|Any CPU.Build.0 = Debug|Any CPU
		{0F250448-FF6C-4FEE-B803-30654132C0BB}.Release|Any CPU.ActiveCfg = Release|Any CPU
		{0F250448-FF6C-4FEE-B803-30654132C0BB}.Release|Any CPU.Build.0 = Release|Any CPU
		{1512DC47-5F15-4FFF-A7CC-C2930F3B57EE}.Debug|Any CPU.ActiveCfg = Debug|Any CPU
		{1512DC47-5F15-4FFF-A7CC-C2930F3B57EE}.Debug|Any CPU.Build.0 = Debug|Any CPU
		{1512DC47-5F15-4FFF-A7CC-C2930F3B57EE}.Release|Any CPU.ActiveCfg = Release|Any CPU
		{1512DC47-5F15-4FFF-A7CC-C2930F3B57EE}.Release|Any CPU.Build.0 = Release|Any CPU
		{EF5C698A-0AE2-4EC1-A063-8624E607A6DD}.Debug|Any CPU.ActiveCfg = Debug|Any CPU
		{EF5C698A-0AE2-4EC1-A063-8624E607A6DD}.Debug|Any CPU.Build.0 = Debug|Any CPU
		{EF5C698A-0AE2-4EC1-A063-8624E607A6DD}.Release|Any CPU.ActiveCfg = Release|Any CPU
		{EF5C698A-0AE2-4EC1-A063-8624E607A6DD}.Release|Any CPU.Build.0 = Release|Any CPU
		{C3806F39-54B4-4362-ABC3-CDC969F425CD}.Debug|Any CPU.ActiveCfg = Debug|Any CPU
		{C3806F39-54B4-4362-ABC3-CDC969F425CD}.Debug|Any CPU.Build.0 = Debug|Any CPU
		{C3806F39-54B4-4362-ABC3-CDC969F425CD}.Release|Any CPU.ActiveCfg = Release|Any CPU
		{C3806F39-54B4-4362-ABC3-CDC969F425CD}.Release|Any CPU.Build.0 = Release|Any CPU
		{99135D03-0415-46BA-AD56-306B5C8C5B05}.Debug|Any CPU.ActiveCfg = Debug|Any CPU
		{99135D03-0415-46BA-AD56-306B5C8C5B05}.Debug|Any CPU.Build.0 = Debug|Any CPU
		{99135D03-0415-46BA-AD56-306B5C8C5B05}.Release|Any CPU.ActiveCfg = Release|Any CPU
		{99135D03-0415-46BA-AD56-306B5C8C5B05}.Release|Any CPU.Build.0 = Release|Any CPU
	EndGlobalSection
	GlobalSection(SolutionProperties) = preSolution
		HideSolutionNode = FALSE
	EndGlobalSection
	GlobalSection(NestedProjects) = preSolution
		{2A6BA02C-4532-4C05-98AE-E483E5E80AF3} = {F910D1E8-CA65-4AC1-A3EF-BB79DF00DB00}
		{11988C96-B6BC-41AD-B400-144F70CC2509} = {2A6BA02C-4532-4C05-98AE-E483E5E80AF3}
		{0FBA8E72-9C8B-458C-B9D5-426026DDEDC3} = {2A6BA02C-4532-4C05-98AE-E483E5E80AF3}
		{10822F01-C219-443C-BB84-BD375C39DE23} = {2A6BA02C-4532-4C05-98AE-E483E5E80AF3}
		{AC1115F5-91BD-49D9-AE88-CE3708B51A2C} = {2A6BA02C-4532-4C05-98AE-E483E5E80AF3}
		{0F250448-FF6C-4FEE-B803-30654132C0BB} = {2A6BA02C-4532-4C05-98AE-E483E5E80AF3}
		{1512DC47-5F15-4FFF-A7CC-C2930F3B57EE} = {2A6BA02C-4532-4C05-98AE-E483E5E80AF3}
	EndGlobalSection
	GlobalSection(ExtensibilityGlobals) = postSolution
		SolutionGuid = {136F7BCF-9AD6-4812-8F1F-4048EB404D36}
	EndGlobalSection
EndGlobal
